<Solution>
  <Folder Name="/src/">
    <Project Path="src/RcloneEncrypt.Cli/RcloneEncrypt.Cli.csproj" />
    <Project Path="src/RcloneEncrypt.Core/RcloneEncrypt.Core.csproj" />
  </Folder>
  <Folder Name="/tests/">
    <Project Path="tests/RcloneEncrypt.Tests/RcloneEncrypt.Tests.csproj" />
  </Folder>
</Solution>
